<?xml version="1.0" encoding="UTF-8" standalone="yes" ?>
<CodeBlocks_project_file>
	<FileVersion major="1" minor="6" />
	<Project>
		<Option title="unz32lib" />
		<Option pch_mode="2" />
		<Option compiler="gcc" />
		<Build>
			<Target title="Win32 Release">
				<Option output="/home/zealotous/code/UltraVNC/zipunzip_src/unzip/windll/vc6/Release/libs/libunz32lib" prefix_auto="1" extension_auto="1" />
				<Option working_dir="" />
				<Option object_output="Release" />
				<Option type="2" />
				<Option compiler="gcc" />
				<Option createDefFile="1" />
				<Compiler>
					<Add option="-W" />
					<Add option="-fexceptions" />
					<Add option="-O2" />
					<Add option="-DNDEBUG" />
					<Add option="-D_WINDOWS" />
					<Add option="-D_MBCS" />
					<Add option="-DWIN32" />
					<Add option="-DWINDLL" />
					<Add option="-DDLL" />
					<Add option="-DUNZIPLIB" />
					<Add option="-DUSE_EF_UT_TIME" />
					<Add directory="../../.." />
				</Compiler>
			</Target>
			<Target title="Win32 Debug">
				<Option output="/home/zealotous/code/UltraVNC/zipunzip_src/unzip/windll/vc6/Debug/libs/libunz32lib" prefix_auto="1" extension_auto="1" />
				<Option working_dir="" />
				<Option object_output="Debug" />
				<Option type="2" />
				<Option compiler="gcc" />
				<Option createDefFile="1" />
				<Compiler>
					<Add option="-W" />
					<Add option="-fexceptions" />
					<Add option="-D_DEBUG" />
					<Add option="-D_WINDOWS" />
					<Add option="-D_MBCS" />
					<Add option="-DWIN32" />
					<Add option="-DWINDLL" />
					<Add option="-DDLL" />
					<Add option="-DUNZIPLIB" />
					<Add option="-DUSE_EF_UT_TIME" />
					<Add directory="../../.." />
				</Compiler>
			</Target>
			<Target title="Win32 ASM Release">
				<Option output="/home/zealotous/code/UltraVNC/zipunzip_src/unzip/windll/vc6/Release.ASM/libs/libunz32lib" prefix_auto="1" extension_auto="1" />
				<Option working_dir="" />
				<Option object_output="Release.ASM" />
				<Option type="2" />
				<Option compiler="gcc" />
				<Option createDefFile="1" />
				<Compiler>
					<Add option="-W" />
					<Add option="-fexceptions" />
					<Add option="-O2" />
					<Add option="-DNDEBUG" />
					<Add option="-D_WINDOWS" />
					<Add option="-D_MBCS" />
					<Add option="-DWIN32" />
					<Add option="-DWINDLL" />
					<Add option="-DDLL" />
					<Add option="-DUNZIPLIB" />
					<Add option="-DUSE_EF_UT_TIME" />
					<Add option="-DASM_CRC" />
					<Add directory="../../.." />
				</Compiler>
			</Target>
			<Target title="Win32 ASM Debug">
				<Option output="/home/zealotous/code/UltraVNC/zipunzip_src/unzip/windll/vc6/Debug.ASM/libs/libunz32lib" prefix_auto="1" extension_auto="1" />
				<Option working_dir="" />
				<Option object_output="Debug.ASM" />
				<Option type="2" />
				<Option compiler="gcc" />
				<Option createDefFile="1" />
				<Compiler>
					<Add option="-W" />
					<Add option="-fexceptions" />
					<Add option="-D_DEBUG" />
					<Add option="-D_WINDOWS" />
					<Add option="-D_MBCS" />
					<Add option="-DWIN32" />
					<Add option="-DWINDLL" />
					<Add option="-DDLL" />
					<Add option="-DUNZIPLIB" />
					<Add option="-DUSE_EF_UT_TIME" />
					<Add option="-DASM_CRC" />
					<Add directory="../../.." />
				</Compiler>
			</Target>
		</Build>
		<Unit filename="../../../api.c">
			<Option compilerVar="CC" />
		</Unit>
		<Unit filename="../../../crc32.c">
			<Option compilerVar="CC" />
		</Unit>
		<Unit filename="../../../win32/crc_i386.c">
			<Option compilerVar="CC" />
		</Unit>
		<Unit filename="../../../crctab.c">
			<Option compilerVar="CC" />
		</Unit>
		<Unit filename="../../../crypt.c">
			<Option compilerVar="CC" />
		</Unit>
		<Unit filename="../../../explode.c">
			<Option compilerVar="CC" />
		</Unit>
		<Unit filename="../../../extract.c">
			<Option compilerVar="CC" />
		</Unit>
		<Unit filename="../../../fileio.c">
			<Option compilerVar="CC" />
		</Unit>
		<Unit filename="../../../globals.c">
			<Option compilerVar="CC" />
		</Unit>
		<Unit filename="../../../inflate.c">
			<Option compilerVar="CC" />
		</Unit>
		<Unit filename="../../../list.c">
			<Option compilerVar="CC" />
		</Unit>
		<Unit filename="../../../match.c">
			<Option compilerVar="CC" />
		</Unit>
		<Unit filename="../../../win32/nt.c">
			<Option compilerVar="CC" />
		</Unit>
		<Unit filename="../../../process.c">
			<Option compilerVar="CC" />
		</Unit>
		<Unit filename="../../../unreduce.c">
			<Option compilerVar="CC" />
		</Unit>
		<Unit filename="../../../unshrink.c">
			<Option compilerVar="CC" />
		</Unit>
		<Unit filename="../../../windll/unziplib.def" />
		<Unit filename="../../../win32/win32.c">
			<Option compilerVar="CC" />
		</Unit>
		<Unit filename="../../../windll/windll.c">
			<Option compilerVar="CC" />
		</Unit>
		<Unit filename="../../../zipinfo.c">
			<Option compilerVar="CC" />
		</Unit>
		<Extensions>
			<code_completion />
			<debugger />
		</Extensions>
	</Project>
</CodeBlocks_project_file>
