<?xml version="1.0" encoding="UTF-8" standalone="yes" ?>
<CodeBlocks_project_file>
	<FileVersion major="1" minor="6" />
	<Project>
		<Option title="omnithread" />
		<Option pch_mode="2" />
		<Option compiler="gcc" />
		<Build>
			<Target title="Win32 Release">
				<Option output="/home/zealotous/code/UltraVNC/vncviewer/omnithread/Release/libomnithread" prefix_auto="1" extension_auto="1" />
				<Option working_dir="" />
				<Option object_output="Release" />
				<Option type="2" />
				<Option compiler="gcc" />
				<Option createDefFile="1" />
				<Compiler>
					<Add option="-W" />
					<Add option="-fexceptions" />
					<Add option="-O2" />
					<Add option="-DWIN32" />
					<Add option="-DNDEBUG" />
					<Add option="-D_WINDOWS" />
					<Add option="-D__NT__" />
					<Add option="-D_WINSTATIC" />
					<Add option="-D__WIN32__" />
					<Add option="-D_WIN32_WINNT=0x400" />
				</Compiler>
			</Target>
			<Target title="Win32 Debug">
				<Option output="/home/zealotous/code/UltraVNC/vncviewer/omnithread/Debug/libomnithread" prefix_auto="1" extension_auto="1" />
				<Option working_dir="" />
				<Option object_output="Debug" />
				<Option type="2" />
				<Option compiler="gcc" />
				<Option createDefFile="1" />
				<Compiler>
					<Add option="-W" />
					<Add option="-fexceptions" />
					<Add option="-DWIN32" />
					<Add option="-D_DEBUG" />
					<Add option="-D_WINDOWS" />
					<Add option="-D__NT__" />
					<Add option="-D_WINSTATIC" />
					<Add option="-D__WIN32__" />
					<Add option="-D_WIN32_WINNT=0x400" />
				</Compiler>
			</Target>
		</Build>
		<Unit filename="nt.cpp" />
		<Unit filename="nt.h" />
		<Unit filename="omnithread.h" />
		<Extensions>
			<code_completion />
			<debugger />
		</Extensions>
	</Project>
</CodeBlocks_project_file>
